
Microsoft Visual Studio Solution File, Format Version 12.00
# Visual Studio Version 16
VisualStudioVersion = 16.0.29009.5
MinimumVisualStudioVersion = 10.0.40219.1
Project("{FAE04EC0-301F-11D3-BF4B-00C04F79EFBC}") = "RentalMovieApp", "RentalMovieApp.csproj", "{AC7868A4-D7EB-40F1-BDDE-C3C312464EF0}"
EndProject
Global
	GlobalSection(SolutionConfigurationPlatforms) = preSolution
		Debug|Any CPU = Debug|Any CPU
		Release|Any CPU = Release|Any CPU
	EndGlobalSection
	GlobalSection(ProjectConfigurationPlatforms) = postSolution
		{AC7868A4-D7EB-40F1-BDDE-C3C312464EF0}.Debug|Any CPU.ActiveCfg = Debug|Any CPU
		{AC7868A4-D7EB-40F1-BDDE-C3C312464EF0}.Debug|Any CPU.Build.0 = Debug|Any CPU
		{AC7868A4-D7EB-40F1-BDDE-C3C312464EF0}.Release|Any CPU.ActiveCfg = Release|Any CPU
		{AC7868A4-D7EB-40F1-BDDE-C3C312464EF0}.Release|Any CPU.Build.0 = Release|Any CPU
	EndGlobalSection
	GlobalSection(SolutionProperties) = preSolution
		HideSolutionNode = FALSE
	EndGlobalSection
	GlobalSection(ExtensibilityGlobals) = postSolution
		SolutionGuid = {DFA1CAB3-0E5F-4C88-BE22-4A99847730E1}
	EndGlobalSection
EndGlobal
